
Microsoft Visual Studio Solution File, Format Version 12.00
# Visual Studio Version 16
VisualStudioVersion = 16.0.31729.503
MinimumVisualStudioVersion = 10.0.40219.1
Project("{FAE04EC0-301F-11D3-BF4B-00C04F79EFBC}") = "ThirdMaximumNumber", "ThirdMaximumNumber\ThirdMaximumNumber.csproj", "{EEBA6FD6-FB89-42E4-AF93-C4AE184F8A3C}"
EndProject
Global
	GlobalSection(SolutionConfigurationPlatforms) = preSolution
		Debug|Any CPU = Debug|Any CPU
		Release|Any CPU = Release|Any CPU
	EndGlobalSection
	GlobalSection(ProjectConfigurationPlatforms) = postSolution
		{EEBA6FD6-FB89-42E4-AF93-C4AE184F8A3C}.Debug|Any CPU.ActiveCfg = Debug|Any CPU
		{EEBA6FD6-FB89-42E4-AF93-C4AE184F8A3C}.Debug|Any CPU.Build.0 = Debug|Any CPU
		{EEBA6FD6-FB89-42E4-AF93-C4AE184F8A3C}.Release|Any CPU.ActiveCfg = Release|Any CPU
		{EEBA6FD6-FB89-42E4-AF93-C4AE184F8A3C}.Release|Any CPU.Build.0 = Release|Any CPU
	EndGlobalSection
	GlobalSection(SolutionProperties) = preSolution
		HideSolutionNode = FALSE
	EndGlobalSection
	GlobalSection(ExtensibilityGlobals) = postSolution
		SolutionGuid = {4D92A9D9-5C63-4120-8FF4-5C9E9EC93E08}
	EndGlobalSection
EndGlobal
