
Microsoft Visual Studio Solution File, Format Version 12.00
# Visual Studio Version 16
VisualStudioVersion = 16.0.31729.503
MinimumVisualStudioVersion = 10.0.40219.1
Project("{FAE04EC0-301F-11D3-BF4B-00C04F79EFBC}") = "UniValuedBinaryTree", "UniValuedBinaryTree\UniValuedBinaryTree.csproj", "{D3387CDA-7812-4486-A021-7BC6CDE455F8}"
EndProject
Global
	GlobalSection(SolutionConfigurationPlatforms) = preSolution
		Debug|Any CPU = Debug|Any CPU
		Release|Any CPU = Release|Any CPU
	EndGlobalSection
	GlobalSection(ProjectConfigurationPlatforms) = postSolution
		{D3387CDA-7812-4486-A021-7BC6CDE455F8}.Debug|Any CPU.ActiveCfg = Debug|Any CPU
		{D3387CDA-7812-4486-A021-7BC6CDE455F8}.Debug|Any CPU.Build.0 = Debug|Any CPU
		{D3387CDA-7812-4486-A021-7BC6CDE455F8}.Release|Any CPU.ActiveCfg = Release|Any CPU
		{D3387CDA-7812-4486-A021-7BC6CDE455F8}.Release|Any CPU.Build.0 = Release|Any CPU
	EndGlobalSection
	GlobalSection(SolutionProperties) = preSolution
		HideSolutionNode = FALSE
	EndGlobalSection
	GlobalSection(ExtensibilityGlobals) = postSolution
		SolutionGuid = {1C5378CA-E880-429E-8691-C4EC511251EE}
	EndGlobalSection
EndGlobal
