
Microsoft Visual Studio Solution File, Format Version 12.00
# Visual Studio Version 17
VisualStudioVersion = 17.8.34316.72
MinimumVisualStudioVersion = 10.0.40219.1
Project("{FAE04EC0-301F-11D3-BF4B-00C04F79EFBC}") = "BestTimeForBuyAndSellStockII", "BestTimeForBuyAndSellStockII\BestTimeForBuyAndSellStockII.csproj", "{8276AA22-B3EE-43AD-B933-6C44EE6A5AB8}"
EndProject
Global
	GlobalSection(SolutionConfigurationPlatforms) = preSolution
		Debug|Any CPU = Debug|Any CPU
		Release|Any CPU = Release|Any CPU
	EndGlobalSection
	GlobalSection(ProjectConfigurationPlatforms) = postSolution
		{8276AA22-B3EE-43AD-B933-6C44EE6A5AB8}.Debug|Any CPU.ActiveCfg = Debug|Any CPU
		{8276AA22-B3EE-43AD-B933-6C44EE6A5AB8}.Debug|Any CPU.Build.0 = Debug|Any CPU
		{8276AA22-B3EE-43AD-B933-6C44EE6A5AB8}.Release|Any CPU.ActiveCfg = Release|Any CPU
		{8276AA22-B3EE-43AD-B933-6C44EE6A5AB8}.Release|Any CPU.Build.0 = Release|Any CPU
	EndGlobalSection
	GlobalSection(SolutionProperties) = preSolution
		HideSolutionNode = FALSE
	EndGlobalSection
	GlobalSection(ExtensibilityGlobals) = postSolution
		SolutionGuid = {743F6B12-E6FC-49FC-A89D-D6F49A3EC162}
	EndGlobalSection
EndGlobal
