
Microsoft Visual Studio Solution File, Format Version 12.00
# Visual Studio Version 16
VisualStudioVersion = 16.0.31729.503
MinimumVisualStudioVersion = 10.0.40219.1
Project("{FAE04EC0-301F-11D3-BF4B-00C04F79EFBC}") = "SomeOfLeftLeaves", "SomeOfLeftLeaves\SomeOfLeftLeaves.csproj", "{9B2FB366-B7AC-4E72-9367-C5E6E3584E08}"
EndProject
Global
	GlobalSection(SolutionConfigurationPlatforms) = preSolution
		Debug|Any CPU = Debug|Any CPU
		Release|Any CPU = Release|Any CPU
	EndGlobalSection
	GlobalSection(ProjectConfigurationPlatforms) = postSolution
		{9B2FB366-B7AC-4E72-9367-C5E6E3584E08}.Debug|Any CPU.ActiveCfg = Debug|Any CPU
		{9B2FB366-B7AC-4E72-9367-C5E6E3584E08}.Debug|Any CPU.Build.0 = Debug|Any CPU
		{9B2FB366-B7AC-4E72-9367-C5E6E3584E08}.Release|Any CPU.ActiveCfg = Release|Any CPU
		{9B2FB366-B7AC-4E72-9367-C5E6E3584E08}.Release|Any CPU.Build.0 = Release|Any CPU
	EndGlobalSection
	GlobalSection(SolutionProperties) = preSolution
		HideSolutionNode = FALSE
	EndGlobalSection
	GlobalSection(ExtensibilityGlobals) = postSolution
		SolutionGuid = {10518E99-2058-48B3-B7C4-F19B743F9F88}
	EndGlobalSection
EndGlobal
