
Microsoft Visual Studio Solution File, Format Version 12.00
# Visual Studio Version 16
VisualStudioVersion = 16.0.31729.503
MinimumVisualStudioVersion = 10.0.40219.1
Project("{FAE04EC0-301F-11D3-BF4B-00C04F79EFBC}") = "ShuffleTheArray", "ShuffleTheArray\ShuffleTheArray.csproj", "{F3709549-8428-4D5C-84F8-7D39D3864608}"
EndProject
Global
	GlobalSection(SolutionConfigurationPlatforms) = preSolution
		Debug|Any CPU = Debug|Any CPU
		Release|Any CPU = Release|Any CPU
	EndGlobalSection
	GlobalSection(ProjectConfigurationPlatforms) = postSolution
		{F3709549-8428-4D5C-84F8-7D39D3864608}.Debug|Any CPU.ActiveCfg = Debug|Any CPU
		{F3709549-8428-4D5C-84F8-7D39D3864608}.Debug|Any CPU.Build.0 = Debug|Any CPU
		{F3709549-8428-4D5C-84F8-7D39D3864608}.Release|Any CPU.ActiveCfg = Release|Any CPU
		{F3709549-8428-4D5C-84F8-7D39D3864608}.Release|Any CPU.Build.0 = Release|Any CPU
	EndGlobalSection
	GlobalSection(SolutionProperties) = preSolution
		HideSolutionNode = FALSE
	EndGlobalSection
	GlobalSection(ExtensibilityGlobals) = postSolution
		SolutionGuid = {1C85C74C-CFCE-4DBD-8A2A-C7449882D51C}
	EndGlobalSection
EndGlobal
