
Microsoft Visual Studio Solution File, Format Version 12.00
# Visual Studio Version 17
VisualStudioVersion = 17.8.34316.72
MinimumVisualStudioVersion = 10.0.40219.1
Project("{FAE04EC0-301F-11D3-BF4B-00C04F79EFBC}") = "PalindromicSubstrings", "PalindromicSubstrings\PalindromicSubstrings.csproj", "{68F46832-EC74-4627-B307-5A837D058EDD}"
EndProject
Global
	GlobalSection(SolutionConfigurationPlatforms) = preSolution
		Debug|Any CPU = Debug|Any CPU
		Release|Any CPU = Release|Any CPU
	EndGlobalSection
	GlobalSection(ProjectConfigurationPlatforms) = postSolution
		{68F46832-EC74-4627-B307-5A837D058EDD}.Debug|Any CPU.ActiveCfg = Debug|Any CPU
		{68F46832-EC74-4627-B307-5A837D058EDD}.Debug|Any CPU.Build.0 = Debug|Any CPU
		{68F46832-EC74-4627-B307-5A837D058EDD}.Release|Any CPU.ActiveCfg = Release|Any CPU
		{68F46832-EC74-4627-B307-5A837D058EDD}.Release|Any CPU.Build.0 = Release|Any CPU
	EndGlobalSection
	GlobalSection(SolutionProperties) = preSolution
		HideSolutionNode = FALSE
	EndGlobalSection
	GlobalSection(ExtensibilityGlobals) = postSolution
		SolutionGuid = {FDA13AAB-3A8B-4426-B0F2-E7CD8755F4E3}
	EndGlobalSection
EndGlobal
