
Microsoft Visual Studio Solution File, Format Version 12.00
# Visual Studio Version 17
VisualStudioVersion = 17.3.32825.248
MinimumVisualStudioVersion = 10.0.40219.1
Project("{FAE04EC0-301F-11D3-BF4B-00C04F79EFBC}") = "MximumSubArray", "MximumSubArray\MximumSubArray.csproj", "{87C76F3A-012B-47B0-9CBE-3927E8E6F638}"
EndProject
Global
	GlobalSection(SolutionConfigurationPlatforms) = preSolution
		Debug|Any CPU = Debug|Any CPU
		Release|Any CPU = Release|Any CPU
	EndGlobalSection
	GlobalSection(ProjectConfigurationPlatforms) = postSolution
		{87C76F3A-012B-47B0-9CBE-3927E8E6F638}.Debug|Any CPU.ActiveCfg = Debug|Any CPU
		{87C76F3A-012B-47B0-9CBE-3927E8E6F638}.Debug|Any CPU.Build.0 = Debug|Any CPU
		{87C76F3A-012B-47B0-9CBE-3927E8E6F638}.Release|Any CPU.ActiveCfg = Release|Any CPU
		{87C76F3A-012B-47B0-9CBE-3927E8E6F638}.Release|Any CPU.Build.0 = Release|Any CPU
	EndGlobalSection
	GlobalSection(SolutionProperties) = preSolution
		HideSolutionNode = FALSE
	EndGlobalSection
	GlobalSection(ExtensibilityGlobals) = postSolution
		SolutionGuid = {802CCBBB-D78A-444C-AD74-7B058A73F149}
	EndGlobalSection
EndGlobal
