
Microsoft Visual Studio Solution File, Format Version 12.00
# Visual Studio Version 17
VisualStudioVersion = 17.11.35327.3
MinimumVisualStudioVersion = 10.0.40219.1
Project("{FAE04EC0-301F-11D3-BF4B-00C04F79EFBC}") = "Binary Search", "Binary Search\Binary Search.csproj", "{66B21A73-FAB2-49D6-A4D3-487CDAA6F914}"
EndProject
Global
	GlobalSection(SolutionConfigurationPlatforms) = preSolution
		Debug|Any CPU = Debug|Any CPU
		Release|Any CPU = Release|Any CPU
	EndGlobalSection
	GlobalSection(ProjectConfigurationPlatforms) = postSolution
		{66B21A73-FAB2-49D6-A4D3-487CDAA6F914}.Debug|Any CPU.ActiveCfg = Debug|Any CPU
		{66B21A73-FAB2-49D6-A4D3-487CDAA6F914}.Debug|Any CPU.Build.0 = Debug|Any CPU
		{66B21A73-FAB2-49D6-A4D3-487CDAA6F914}.Release|Any CPU.ActiveCfg = Release|Any CPU
		{66B21A73-FAB2-49D6-A4D3-487CDAA6F914}.Release|Any CPU.Build.0 = Release|Any CPU
	EndGlobalSection
	GlobalSection(SolutionProperties) = preSolution
		HideSolutionNode = FALSE
	EndGlobalSection
	GlobalSection(ExtensibilityGlobals) = postSolution
		SolutionGuid = {DB6DEF05-ABDC-4F8D-B4DB-A89E00CEDE70}
	EndGlobalSection
EndGlobal
