
Microsoft Visual Studio Solution File, Format Version 12.00
# Visual Studio Version 17
VisualStudioVersion = 17.8.34316.72
MinimumVisualStudioVersion = 10.0.40219.1
Project("{FAE04EC0-301F-11D3-BF4B-00C04F79EFBC}") = "ToLowerCase", "ToLowerCase\ToLowerCase.csproj", "{7104AD8D-F156-4720-A765-8EB0B92E85ED}"
EndProject
Global
	GlobalSection(SolutionConfigurationPlatforms) = preSolution
		Debug|Any CPU = Debug|Any CPU
		Release|Any CPU = Release|Any CPU
	EndGlobalSection
	GlobalSection(ProjectConfigurationPlatforms) = postSolution
		{7104AD8D-F156-4720-A765-8EB0B92E85ED}.Debug|Any CPU.ActiveCfg = Debug|Any CPU
		{7104AD8D-F156-4720-A765-8EB0B92E85ED}.Debug|Any CPU.Build.0 = Debug|Any CPU
		{7104AD8D-F156-4720-A765-8EB0B92E85ED}.Release|Any CPU.ActiveCfg = Release|Any CPU
		{7104AD8D-F156-4720-A765-8EB0B92E85ED}.Release|Any CPU.Build.0 = Release|Any CPU
	EndGlobalSection
	GlobalSection(SolutionProperties) = preSolution
		HideSolutionNode = FALSE
	EndGlobalSection
	GlobalSection(ExtensibilityGlobals) = postSolution
		SolutionGuid = {004187BE-2E98-45D4-A566-DFEB99791A7A}
	EndGlobalSection
EndGlobal
