
Microsoft Visual Studio Solution File, Format Version 12.00
# Visual Studio Version 17
VisualStudioVersion = 17.3.32825.248
MinimumVisualStudioVersion = 10.0.40219.1
Project("{FAE04EC0-301F-11D3-BF4B-00C04F79EFBC}") = "LongestSubstringWithoutRepeatingChracter", "LongestSubstringWithoutRepeatingChracter\LongestSubstringWithoutRepeatingChracter.csproj", "{1D648DCD-2078-4D0A-9C4A-44DBA323D8D3}"
EndProject
Global
	GlobalSection(SolutionConfigurationPlatforms) = preSolution
		Debug|Any CPU = Debug|Any CPU
		Release|Any CPU = Release|Any CPU
	EndGlobalSection
	GlobalSection(ProjectConfigurationPlatforms) = postSolution
		{1D648DCD-2078-4D0A-9C4A-44DBA323D8D3}.Debug|Any CPU.ActiveCfg = Debug|Any CPU
		{1D648DCD-2078-4D0A-9C4A-44DBA323D8D3}.Debug|Any CPU.Build.0 = Debug|Any CPU
		{1D648DCD-2078-4D0A-9C4A-44DBA323D8D3}.Release|Any CPU.ActiveCfg = Release|Any CPU
		{1D648DCD-2078-4D0A-9C4A-44DBA323D8D3}.Release|Any CPU.Build.0 = Release|Any CPU
	EndGlobalSection
	GlobalSection(SolutionProperties) = preSolution
		HideSolutionNode = FALSE
	EndGlobalSection
	GlobalSection(ExtensibilityGlobals) = postSolution
		SolutionGuid = {CDBE20A1-67D8-4154-B073-0012FABBB673}
	EndGlobalSection
EndGlobal
