
Microsoft Visual Studio Solution File, Format Version 12.00
# Visual Studio Version 17
VisualStudioVersion = 17.6.33801.468
MinimumVisualStudioVersion = 10.0.40219.1
Project("{FAE04EC0-301F-11D3-BF4B-00C04F79EFBC}") = "RevereseString", "RevereseString\RevereseString.csproj", "{B3118EDA-825F-463E-9D69-B01D3A2467AB}"
EndProject
Global
	GlobalSection(SolutionConfigurationPlatforms) = preSolution
		Debug|Any CPU = Debug|Any CPU
		Release|Any CPU = Release|Any CPU
	EndGlobalSection
	GlobalSection(ProjectConfigurationPlatforms) = postSolution
		{B3118EDA-825F-463E-9D69-B01D3A2467AB}.Debug|Any CPU.ActiveCfg = Debug|Any CPU
		{B3118EDA-825F-463E-9D69-B01D3A2467AB}.Debug|Any CPU.Build.0 = Debug|Any CPU
		{B3118EDA-825F-463E-9D69-B01D3A2467AB}.Release|Any CPU.ActiveCfg = Release|Any CPU
		{B3118EDA-825F-463E-9D69-B01D3A2467AB}.Release|Any CPU.Build.0 = Release|Any CPU
	EndGlobalSection
	GlobalSection(SolutionProperties) = preSolution
		HideSolutionNode = FALSE
	EndGlobalSection
	GlobalSection(ExtensibilityGlobals) = postSolution
		SolutionGuid = {076054E2-CB99-4020-A24C-2ED0646F998A}
	EndGlobalSection
EndGlobal
