
Microsoft Visual Studio Solution File, Format Version 12.00
# Visual Studio Version 17
VisualStudioVersion = 17.8.34316.72
MinimumVisualStudioVersion = 10.0.40219.1
Project("{FAE04EC0-301F-11D3-BF4B-00C04F79EFBC}") = "TopKFrequentElements", "TopKFrequentElements\TopKFrequentElements.csproj", "{6BF829B9-E270-4403-8F00-43A743D4423B}"
EndProject
Global
	GlobalSection(SolutionConfigurationPlatforms) = preSolution
		Debug|Any CPU = Debug|Any CPU
		Release|Any CPU = Release|Any CPU
	EndGlobalSection
	GlobalSection(ProjectConfigurationPlatforms) = postSolution
		{6BF829B9-E270-4403-8F00-43A743D4423B}.Debug|Any CPU.ActiveCfg = Debug|Any CPU
		{6BF829B9-E270-4403-8F00-43A743D4423B}.Debug|Any CPU.Build.0 = Debug|Any CPU
		{6BF829B9-E270-4403-8F00-43A743D4423B}.Release|Any CPU.ActiveCfg = Release|Any CPU
		{6BF829B9-E270-4403-8F00-43A743D4423B}.Release|Any CPU.Build.0 = Release|Any CPU
	EndGlobalSection
	GlobalSection(SolutionProperties) = preSolution
		HideSolutionNode = FALSE
	EndGlobalSection
	GlobalSection(ExtensibilityGlobals) = postSolution
		SolutionGuid = {B37404F6-8F6B-4AA0-BE5A-32D28322D56F}
	EndGlobalSection
EndGlobal
