
Microsoft Visual Studio Solution File, Format Version 12.00
# Visual Studio Version 16
VisualStudioVersion = 16.0.31729.503
MinimumVisualStudioVersion = 10.0.40219.1
Project("{FAE04EC0-301F-11D3-BF4B-00C04F79EFBC}") = "TwinSum", "TwinSum\TwinSum.csproj", "{2960FE0B-D635-42D2-8AAA-175B8A3D74F5}"
EndProject
Global
	GlobalSection(SolutionConfigurationPlatforms) = preSolution
		Debug|Any CPU = Debug|Any CPU
		Release|Any CPU = Release|Any CPU
	EndGlobalSection
	GlobalSection(ProjectConfigurationPlatforms) = postSolution
		{2960FE0B-D635-42D2-8AAA-175B8A3D74F5}.Debug|Any CPU.ActiveCfg = Debug|Any CPU
		{2960FE0B-D635-42D2-8AAA-175B8A3D74F5}.Debug|Any CPU.Build.0 = Debug|Any CPU
		{2960FE0B-D635-42D2-8AAA-175B8A3D74F5}.Release|Any CPU.ActiveCfg = Release|Any CPU
		{2960FE0B-D635-42D2-8AAA-175B8A3D74F5}.Release|Any CPU.Build.0 = Release|Any CPU
	EndGlobalSection
	GlobalSection(SolutionProperties) = preSolution
		HideSolutionNode = FALSE
	EndGlobalSection
	GlobalSection(ExtensibilityGlobals) = postSolution
		SolutionGuid = {B9522654-A658-4A12-95E0-AC41EBE34A3F}
	EndGlobalSection
EndGlobal
