
Microsoft Visual Studio Solution File, Format Version 12.00
# Visual Studio Version 17
VisualStudioVersion = 17.3.32825.248
MinimumVisualStudioVersion = 10.0.40219.1
Project("{FAE04EC0-301F-11D3-BF4B-00C04F79EFBC}") = "findAllNumberDisappeared", "findAllNumberDisappeared.csproj", "{67B32A0C-8953-4E2A-8842-3BC42876D329}"
EndProject
Global
	GlobalSection(SolutionConfigurationPlatforms) = preSolution
		Debug|Any CPU = Debug|Any CPU
		Release|Any CPU = Release|Any CPU
	EndGlobalSection
	GlobalSection(ProjectConfigurationPlatforms) = postSolution
		{67B32A0C-8953-4E2A-8842-3BC42876D329}.Debug|Any CPU.ActiveCfg = Debug|Any CPU
		{67B32A0C-8953-4E2A-8842-3BC42876D329}.Debug|Any CPU.Build.0 = Debug|Any CPU
		{67B32A0C-8953-4E2A-8842-3BC42876D329}.Release|Any CPU.ActiveCfg = Release|Any CPU
		{67B32A0C-8953-4E2A-8842-3BC42876D329}.Release|Any CPU.Build.0 = Release|Any CPU
	EndGlobalSection
	GlobalSection(SolutionProperties) = preSolution
		HideSolutionNode = FALSE
	EndGlobalSection
	GlobalSection(ExtensibilityGlobals) = postSolution
		SolutionGuid = {A8D563B2-8C62-493F-95BF-29D22270EA11}
	EndGlobalSection
EndGlobal
